
Microsoft Visual Studio Solution File, Format Version 12.00
# Visual Studio Version 17
VisualStudioVersion = 17.3.32901.215
MinimumVisualStudioVersion = 10.0.40219.1
Project("{2150E333-8FDC-42A3-9474-1A3956D46DE8}") = "Problem 1", "Problem 1", "{D445D250-7A14-4E95-B0F8-DCE038091C20}"
EndProject
Project("{FAE04EC0-301F-11D3-BF4B-00C04F79EFBC}") = "Problem 1", "Problem 1\Problem 1.csproj", "{591643FA-71B9-4223-B609-22DBEC82AE1C}"
EndProject
Project("{2150E333-8FDC-42A3-9474-1A3956D46DE8}") = "Problem 2", "Problem 2", "{5DF6DFC1-94DA-4191-A46D-AA7DE7842560}"
EndProject
Project("{FAE04EC0-301F-11D3-BF4B-00C04F79EFBC}") = "Problem 2", "Problem 2\Problem 2.csproj", "{70580BB7-29AD-4E4E-9D5B-5C97B2FAC029}"
EndProject
Project("{2150E333-8FDC-42A3-9474-1A3956D46DE8}") = "Problem 3", "Problem 3", "{4899A590-D9B6-463D-B354-4847AD67116F}"
EndProject
Project("{FAE04EC0-301F-11D3-BF4B-00C04F79EFBC}") = "Problem 3", "Problem 3\Problem 3.csproj", "{D6966075-0896-4108-953C-CA83C2879FF1}"
EndProject
Project("{2150E333-8FDC-42A3-9474-1A3956D46DE8}") = "Problem 4", "Problem 4", "{83A697A6-8746-4A78-84CD-C7605CB83A96}"
EndProject
Project("{FAE04EC0-301F-11D3-BF4B-00C04F79EFBC}") = "Problem 4", "Problem 4\Problem 4.csproj", "{6EDE92A6-DEA1-47CB-95CE-5603C752B0E3}"
EndProject
Project("{2150E333-8FDC-42A3-9474-1A3956D46DE8}") = "Problem 5", "Problem 5", "{E19136B8-BB3B-4D61-89BE-3F70B3D06DB2}"
EndProject
Project("{FAE04EC0-301F-11D3-BF4B-00C04F79EFBC}") = "Problem 5", "Problem 5\Problem 5.csproj", "{8C071D13-7760-43FC-8354-EC81CDB490C3}"
EndProject
Project("{2150E333-8FDC-42A3-9474-1A3956D46DE8}") = "Problem 6", "Problem 6", "{8CC2F548-C24E-4602-9B7E-60C04802321E}"
EndProject
Project("{FAE04EC0-301F-11D3-BF4B-00C04F79EFBC}") = "Problem 6", "Problem 6\Problem 6.csproj", "{401482B3-0EE5-4444-ABC9-A64C1C4A1A70}"
EndProject
Global
	GlobalSection(SolutionConfigurationPlatforms) = preSolution
		Debug|Any CPU = Debug|Any CPU
		Release|Any CPU = Release|Any CPU
	EndGlobalSection
	GlobalSection(ProjectConfigurationPlatforms) = postSolution
		{591643FA-71B9-4223-B609-22DBEC82AE1C}.Debug|Any CPU.ActiveCfg = Debug|Any CPU
		{591643FA-71B9-4223-B609-22DBEC82AE1C}.Debug|Any CPU.Build.0 = Debug|Any CPU
		{591643FA-71B9-4223-B609-22DBEC82AE1C}.Release|Any CPU.ActiveCfg = Release|Any CPU
		{591643FA-71B9-4223-B609-22DBEC82AE1C}.Release|Any CPU.Build.0 = Release|Any CPU
		{70580BB7-29AD-4E4E-9D5B-5C97B2FAC029}.Debug|Any CPU.ActiveCfg = Debug|Any CPU
		{70580BB7-29AD-4E4E-9D5B-5C97B2FAC029}.Debug|Any CPU.Build.0 = Debug|Any CPU
		{70580BB7-29AD-4E4E-9D5B-5C97B2FAC029}.Release|Any CPU.ActiveCfg = Release|Any CPU
		{70580BB7-29AD-4E4E-9D5B-5C97B2FAC029}.Release|Any CPU.Build.0 = Release|Any CPU
		{D6966075-0896-4108-953C-CA83C2879FF1}.Debug|Any CPU.ActiveCfg = Debug|Any CPU
		{D6966075-0896-4108-953C-CA83C2879FF1}.Debug|Any CPU.Build.0 = Debug|Any CPU
		{D6966075-0896-4108-953C-CA83C2879FF1}.Release|Any CPU.ActiveCfg = Release|Any CPU
		{D6966075-0896-4108-953C-CA83C2879FF1}.Release|Any CPU.Build.0 = Release|Any CPU
		{6EDE92A6-DEA1-47CB-95CE-5603C752B0E3}.Debug|Any CPU.ActiveCfg = Debug|Any CPU
		{6EDE92A6-DEA1-47CB-95CE-5603C752B0E3}.Debug|Any CPU.Build.0 = Debug|Any CPU
		{6EDE92A6-DEA1-47CB-95CE-5603C752B0E3}.Release|Any CPU.ActiveCfg = Release|Any CPU
		{6EDE92A6-DEA1-47CB-95CE-5603C752B0E3}.Release|Any CPU.Build.0 = Release|Any CPU
		{8C071D13-7760-43FC-8354-EC81CDB490C3}.Debug|Any CPU.ActiveCfg = Debug|Any CPU
		{8C071D13-7760-43FC-8354-EC81CDB490C3}.Debug|Any CPU.Build.0 = Debug|Any CPU
		{8C071D13-7760-43FC-8354-EC81CDB490C3}.Release|Any CPU.ActiveCfg = Release|Any CPU
		{8C071D13-7760-43FC-8354-EC81CDB490C3}.Release|Any CPU.Build.0 = Release|Any CPU
		{401482B3-0EE5-4444-ABC9-A64C1C4A1A70}.Debug|Any CPU.ActiveCfg = Debug|Any CPU
		{401482B3-0EE5-4444-ABC9-A64C1C4A1A70}.Debug|Any CPU.Build.0 = Debug|Any CPU
		{401482B3-0EE5-4444-ABC9-A64C1C4A1A70}.Release|Any CPU.ActiveCfg = Release|Any CPU
		{401482B3-0EE5-4444-ABC9-A64C1C4A1A70}.Release|Any CPU.Build.0 = Release|Any CPU
	EndGlobalSection
	GlobalSection(SolutionProperties) = preSolution
		HideSolutionNode = FALSE
	EndGlobalSection
	GlobalSection(NestedProjects) = preSolution
		{591643FA-71B9-4223-B609-22DBEC82AE1C} = {D445D250-7A14-4E95-B0F8-DCE038091C20}
		{70580BB7-29AD-4E4E-9D5B-5C97B2FAC029} = {5DF6DFC1-94DA-4191-A46D-AA7DE7842560}
		{D6966075-0896-4108-953C-CA83C2879FF1} = {4899A590-D9B6-463D-B354-4847AD67116F}
		{6EDE92A6-DEA1-47CB-95CE-5603C752B0E3} = {83A697A6-8746-4A78-84CD-C7605CB83A96}
		{8C071D13-7760-43FC-8354-EC81CDB490C3} = {E19136B8-BB3B-4D61-89BE-3F70B3D06DB2}
		{401482B3-0EE5-4444-ABC9-A64C1C4A1A70} = {8CC2F548-C24E-4602-9B7E-60C04802321E}
	EndGlobalSection
	GlobalSection(ExtensibilityGlobals) = postSolution
		SolutionGuid = {254082F2-E507-40B6-A768-109930AD6511}
	EndGlobalSection
EndGlobal
