
Microsoft Visual Studio Solution File, Format Version 12.00
# Visual Studio Version 17
VisualStudioVersion = 17.3.32901.215
MinimumVisualStudioVersion = 10.0.40219.1
Project("{2150E333-8FDC-42A3-9474-1A3956D46DE8}") = "Problem 1", "Problem 1", "{D445D250-7A14-4E95-B0F8-DCE038091C20}"
EndProject
Project("{FAE04EC0-301F-11D3-BF4B-00C04F79EFBC}") = "Problem 1", "Problem 1\Problem 1.csproj", "{591643FA-71B9-4223-B609-22DBEC82AE1C}"
EndProject
Global
	GlobalSection(SolutionConfigurationPlatforms) = preSolution
		Debug|Any CPU = Debug|Any CPU
		Release|Any CPU = Release|Any CPU
	EndGlobalSection
	GlobalSection(ProjectConfigurationPlatforms) = postSolution
		{591643FA-71B9-4223-B609-22DBEC82AE1C}.Debug|Any CPU.ActiveCfg = Debug|Any CPU
		{591643FA-71B9-4223-B609-22DBEC82AE1C}.Debug|Any CPU.Build.0 = Debug|Any CPU
		{591643FA-71B9-4223-B609-22DBEC82AE1C}.Release|Any CPU.ActiveCfg = Release|Any CPU
		{591643FA-71B9-4223-B609-22DBEC82AE1C}.Release|Any CPU.Build.0 = Release|Any CPU
	EndGlobalSection
	GlobalSection(SolutionProperties) = preSolution
		HideSolutionNode = FALSE
	EndGlobalSection
	GlobalSection(NestedProjects) = preSolution
		{591643FA-71B9-4223-B609-22DBEC82AE1C} = {D445D250-7A14-4E95-B0F8-DCE038091C20}
	EndGlobalSection
	GlobalSection(ExtensibilityGlobals) = postSolution
		SolutionGuid = {254082F2-E507-40B6-A768-109930AD6511}
	EndGlobalSection
EndGlobal
